
Microsoft Visual Studio Solution File, Format Version 12.00
# Visual Studio Version 17
VisualStudioVersion = 17.5.002.0
MinimumVisualStudioVersion = 10.0.40219.1
Project("{9A19103F-16F7-4668-BE54-9A1E7A4F7556}") = "Alarms", "Alarms.csproj", "{783BE137-9514-414C-BF9B-F3B659B9810B}"
EndProject
Global
	GlobalSection(SolutionConfigurationPlatforms) = preSolution
		Debug|Any CPU = Debug|Any CPU
		Release|Any CPU = Release|Any CPU
	EndGlobalSection
	GlobalSection(ProjectConfigurationPlatforms) = postSolution
		{783BE137-9514-414C-BF9B-F3B659B9810B}.Debug|Any CPU.ActiveCfg = Debug|Any CPU
		{783BE137-9514-414C-BF9B-F3B659B9810B}.Debug|Any CPU.Build.0 = Debug|Any CPU
		{783BE137-9514-414C-BF9B-F3B659B9810B}.Release|Any CPU.ActiveCfg = Release|Any CPU
		{783BE137-9514-414C-BF9B-F3B659B9810B}.Release|Any CPU.Build.0 = Release|Any CPU
	EndGlobalSection
	GlobalSection(SolutionProperties) = preSolution
		HideSolutionNode = FALSE
	EndGlobalSection
	GlobalSection(ExtensibilityGlobals) = postSolution
		SolutionGuid = {BB60C622-A879-42C3-82AC-E77E67802934}
	EndGlobalSection
EndGlobal
